{
    "_readme": [
        "This file locks the dependencies of your project to a known state",
        "Read more about it at https://getcomposer.org/doc/01-basic-usage.md#composer-lock-the-lock-file",
        "This file is @generated automatically"
    ],
    "hash": "1b21f5bf2f29673bcd31d04810113dc3",
    "content-hash": "ca096e0a5508129cd272043670aef654",
    "packages": [
        {
            "name": "alcaeus/mongo-php-adapter",
            "version": "1.0.4",
            "source": {
                "type": "git",
                "url": "https://github.com/alcaeus/mongo-php-adapter.git",
                "reference": "92feaf5b6e368fbfefa7f53f41dd66f3f7963bd3"
            },
            "dist": {
                "type": "zip",
                "url": "https://api.github.com/repos/alcaeus/mongo-php-adapter/zipball/92feaf5b6e368fbfefa7f53f41dd66f3f7963bd3",
                "reference": "92feaf5b6e368fbfefa7f53f41dd66f3f7963bd3",
                "shasum": ""
            },
            "require": {
                "ext-hash": "*",
                "mongodb/mongodb": "^1.0.1",
                "php": "^5.5 || ^7.0"
            },
            "provide": {
                "ext-mongo": "1.6.13"
            },
            "require-dev": {
                "phpunit/phpunit": "^4.8 || ^5.0"
            },
            "type": "library",
            "extra": {
                "branch-alias": {
                    "dev-master": "1.0.x-dev"
                }
            },
            "autoload": {
                "psr-0": {
                    "Mongo": "lib/Mongo"
                },
                "psr-4": {
                    "Alcaeus\\MongoDbAdapter\\": "lib/Alcaeus/MongoDbAdapter"
                },
                "files": [
                    "lib/Mongo/functions.php"
                ]
            },
            "notification-url": "https://packagist.org/downloads/",
            "license": [
                "MIT"
            ],
            "authors": [
                {
                    "name": "alcaeus",
                    "email": "alcaeus@alcaeus.org"
                },
                {
                    "name": "Olivier Lechevalier",
                    "email": "olivier.lechevalier@gmail.com"
                }
            ],
            "description": "Adapter to provide ext-mongo interface on top of mongo-php-libary",
            "keywords": [
                "database",
                "mongodb"
            ],
            "time": "2016-06-22 05:14:23"
        },
        {
            "name": "mongodb/mongodb",
            "version": "1.0.2",
            "source": {
                "type": "git",
                "url": "https://github.com/mongodb/mongo-php-library.git",
                "reference": "faf8a1d86b5c10684ef91fa6c81475b0c7f95240"
            },
            "dist": {
                "type": "zip",
                "url": "https://api.github.com/repos/mongodb/mongo-php-library/zipball/faf8a1d86b5c10684ef91fa6c81475b0c7f95240",
                "reference": "faf8a1d86b5c10684ef91fa6c81475b0c7f95240",
                "shasum": ""
            },
            "require": {
                "ext-mongodb": "^1.1.0",
                "php": ">=5.4"
            },
            "type": "library",
            "autoload": {
                "psr-4": {
                    "MongoDB\\": "src/"
                },
                "files": [
                    "src/functions.php"
                ]
            },
            "notification-url": "https://packagist.org/downloads/",
            "license": [
                "Apache-2.0"
            ],
            "authors": [
                {
                    "name": "Jeremy Mikola",
                    "email": "jmikola@gmail.com"
                },
                {
                    "name": "Hannes Magnusson",
                    "email": "bjori@mongodb.com"
                },
                {
                    "name": "Derick Rethans",
                    "email": "github@derickrethans.nl"
                }
            ],
            "description": "MongoDB driver library",
            "homepage": "https://jira.mongodb.org/browse/PHPLIB",
            "keywords": [
                "database",
                "driver",
                "mongodb",
                "persistence"
            ],
            "time": "2016-03-30 19:10:28"
        }
    ],
    "packages-dev": [],
    "aliases": [],
    "minimum-stability": "stable",
    "stability-flags": [],
    "prefer-stable": false,
    "prefer-lowest": false,
    "platform": [],
    "platform-dev": []
}
