// !$*UTF8*$!
{
	archiveVersion = 1;
	classes = {
	};
	objectVersion = 45;
	objects = {

/* Begin PBXBuildFile section */
		8D5B49B0048680CD000E48DA /* InfoPlist.strings in Resources */ = {isa = PBXBuildFile; fileRef = 089C167DFE841241C02AAC07 /* InfoPlist.strings */; };
		8D5B49B4048680CD000E48DA /* Cocoa.framework in Frameworks */ = {isa = PBXBuildFile; fileRef = 1058C7ADFEA557BF11CA2CBB /* Cocoa.framework */; };
		B0AE230C1049F19D0096565B /* Panel.nib in Resources */ = {isa = PBXBuildFile; fileRef = B0AE230A1049F19D0096565B /* Panel.nib */; };
		B0AE23391049F7770096565B /* TURAnselGalleryPanelController.m in Sources */ = {isa = PBXBuildFile; fileRef = B0AE23361049F7770096565B /* TURAnselGalleryPanelController.m */; };
		B0AE23411049F7A20096565B /* AnselGalleryPanel.nib in Resources */ = {isa = PBXBuildFile; fileRef = B0AE233D1049F7A20096565B /* AnselGalleryPanel.nib */; };
		B0D311D01049A7DE006B06C6 /* TURAnsel.m in Sources */ = {isa = PBXBuildFile; fileRef = B0D311CB1049A7DE006B06C6 /* TURAnsel.m */; };
		B0D311D11049A7DE006B06C6 /* TURAnselGallery.m in Sources */ = {isa = PBXBuildFile; fileRef = B0D311CD1049A7DE006B06C6 /* TURAnselGallery.m */; };
		B0D311D21049A7DE006B06C6 /* TURXMLConnection.m in Sources */ = {isa = PBXBuildFile; fileRef = B0D311CF1049A7DE006B06C6 /* TURXMLConnection.m */; };
		B0D312241049A977006B06C6 /* NSDataAdditions.m in Sources */ = {isa = PBXBuildFile; fileRef = B0D3120F1049A977006B06C6 /* NSDataAdditions.m */; };
		B0D312251049A977006B06C6 /* NSStringAdditions.m in Sources */ = {isa = PBXBuildFile; fileRef = B0D312111049A977006B06C6 /* NSStringAdditions.m */; };
		B0D312271049A977006B06C6 /* Localizable.strings in Resources */ = {isa = PBXBuildFile; fileRef = B0D312141049A977006B06C6 /* Localizable.strings */; };
		B0D312281049A977006B06C6 /* LICENSE in Resources */ = {isa = PBXBuildFile; fileRef = B0D312161049A977006B06C6 /* LICENSE */; };
		B0D312291049A977006B06C6 /* README in Resources */ = {isa = PBXBuildFile; fileRef = B0D312171049A977006B06C6 /* README */; };
		B0D3122A1049A977006B06C6 /* XMLRPCConnection.m in Sources */ = {isa = PBXBuildFile; fileRef = B0D3121B1049A977006B06C6 /* XMLRPCConnection.m */; };
		B0D3122B1049A977006B06C6 /* XMLRPCDecoder.m in Sources */ = {isa = PBXBuildFile; fileRef = B0D3121D1049A977006B06C6 /* XMLRPCDecoder.m */; };
		B0D3122C1049A977006B06C6 /* XMLRPCEncoder.m in Sources */ = {isa = PBXBuildFile; fileRef = B0D3121F1049A977006B06C6 /* XMLRPCEncoder.m */; };
		B0D3122D1049A977006B06C6 /* XMLRPCRequest.m in Sources */ = {isa = PBXBuildFile; fileRef = B0D312211049A977006B06C6 /* XMLRPCRequest.m */; };
		B0D3122E1049A977006B06C6 /* XMLRPCResponse.m in Sources */ = {isa = PBXBuildFile; fileRef = B0D312231049A977006B06C6 /* XMLRPCResponse.m */; };
		B0D312321049A9F2006B06C6 /* XMLRPC-Info.plist in Resources */ = {isa = PBXBuildFile; fileRef = B0D312311049A9F2006B06C6 /* XMLRPC-Info.plist */; };
		B0D312591049AD08006B06C6 /* XMLRPC.h in Headers */ = {isa = PBXBuildFile; fileRef = B0D312181049A977006B06C6 /* XMLRPC.h */; settings = {ATTRIBUTES = (Public, ); }; };
		B0D3125A1049AD16006B06C6 /* XMLRPCConnection.h in Headers */ = {isa = PBXBuildFile; fileRef = B0D3121A1049A977006B06C6 /* XMLRPCConnection.h */; settings = {ATTRIBUTES = (Public, ); }; };
		B0D3125B1049AD16006B06C6 /* XMLRPCDecoder.h in Headers */ = {isa = PBXBuildFile; fileRef = B0D3121C1049A977006B06C6 /* XMLRPCDecoder.h */; settings = {ATTRIBUTES = (Public, ); }; };
		B0D3125C1049AD16006B06C6 /* XMLRPCEncoder.h in Headers */ = {isa = PBXBuildFile; fileRef = B0D3121E1049A977006B06C6 /* XMLRPCEncoder.h */; settings = {ATTRIBUTES = (Public, ); }; };
		B0D3125D1049AD16006B06C6 /* XMLRPCRequest.h in Headers */ = {isa = PBXBuildFile; fileRef = B0D312201049A977006B06C6 /* XMLRPCRequest.h */; settings = {ATTRIBUTES = (Public, ); }; };
		B0D3125E1049AD16006B06C6 /* XMLRPCResponse.h in Headers */ = {isa = PBXBuildFile; fileRef = B0D312221049A977006B06C6 /* XMLRPCResponse.h */; settings = {ATTRIBUTES = (Public, ); }; };
		B0D3125F1049AD42006B06C6 /* XMLRPCConnection.m in Sources */ = {isa = PBXBuildFile; fileRef = B0D3121B1049A977006B06C6 /* XMLRPCConnection.m */; };
		B0D312601049AD42006B06C6 /* XMLRPCDecoder.m in Sources */ = {isa = PBXBuildFile; fileRef = B0D3121D1049A977006B06C6 /* XMLRPCDecoder.m */; };
		B0D312611049AD42006B06C6 /* XMLRPCEncoder.m in Sources */ = {isa = PBXBuildFile; fileRef = B0D3121F1049A977006B06C6 /* XMLRPCEncoder.m */; };
		B0D312621049AD42006B06C6 /* XMLRPCRequest.m in Sources */ = {isa = PBXBuildFile; fileRef = B0D312211049A977006B06C6 /* XMLRPCRequest.m */; };
		B0D312631049AD42006B06C6 /* XMLRPCResponse.m in Sources */ = {isa = PBXBuildFile; fileRef = B0D312231049A977006B06C6 /* XMLRPCResponse.m */; };
		B0D312641049AD51006B06C6 /* NSDataAdditions.h in Headers */ = {isa = PBXBuildFile; fileRef = B0D3120E1049A977006B06C6 /* NSDataAdditions.h */; settings = {ATTRIBUTES = (Public, ); }; };
		B0D312651049AD51006B06C6 /* NSStringAdditions.h in Headers */ = {isa = PBXBuildFile; fileRef = B0D312101049A977006B06C6 /* NSStringAdditions.h */; settings = {ATTRIBUTES = (Public, ); }; };
		B0D312661049AD5B006B06C6 /* NSDataAdditions.m in Sources */ = {isa = PBXBuildFile; fileRef = B0D3120F1049A977006B06C6 /* NSDataAdditions.m */; };
		B0D312671049AD5B006B06C6 /* NSStringAdditions.m in Sources */ = {isa = PBXBuildFile; fileRef = B0D312111049A977006B06C6 /* NSStringAdditions.m */; };
		B0D312681049AD7F006B06C6 /* LICENSE in Resources */ = {isa = PBXBuildFile; fileRef = B0D312161049A977006B06C6 /* LICENSE */; };
		B0D312691049AD7F006B06C6 /* README in Resources */ = {isa = PBXBuildFile; fileRef = B0D312171049A977006B06C6 /* README */; };
		B0D3126A1049AD9A006B06C6 /* Localizable.strings in Resources */ = {isa = PBXBuildFile; fileRef = B0D312141049A977006B06C6 /* Localizable.strings */; };
		B0D312A01049B26B006B06C6 /* XMLRPC.framework in CopyFiles */ = {isa = PBXBuildFile; fileRef = B0D312941049B24A006B06C6 /* XMLRPC.framework */; };
		B0DEA058104D7012001D1509 /* AnselGalleryViewItem.m in Sources */ = {isa = PBXBuildFile; fileRef = B0DEA057104D7012001D1509 /* AnselGalleryViewItem.m */; };
		B0DEA1CE104D7DE2001D1509 /* Quartz.framework in Frameworks */ = {isa = PBXBuildFile; fileRef = B0DEA1CD104D7DE2001D1509 /* Quartz.framework */; };
		D118EA660AC08CCB006DD2FE /* Localizable.strings in Resources */ = {isa = PBXBuildFile; fileRef = D118EA640AC08CCB006DD2FE /* Localizable.strings */; };
		D15DEA4A0ABF639500CBE3A5 /* PluginManager.framework in Frameworks */ = {isa = PBXBuildFile; fileRef = D15DEA490ABF639500CBE3A5 /* PluginManager.framework */; };
		D15DEA4F0ABF63C600CBE3A5 /* ApertureToAnselExportPlugin.m in Sources */ = {isa = PBXBuildFile; fileRef = D15DEA4D0ABF63C600CBE3A5 /* ApertureToAnselExportPlugin.m */; };
		D15DEA520ABF641300CBE3A5 /* ApertureToAnselExportPlugin.nib in Resources */ = {isa = PBXBuildFile; fileRef = D15DEA500ABF641300CBE3A5 /* ApertureToAnselExportPlugin.nib */; };
/* End PBXBuildFile section */

/* Begin PBXContainerItemProxy section */
		B0D312401049AB4A006B06C6 /* PBXContainerItemProxy */ = {
			isa = PBXContainerItemProxy;
			containerPortal = 089C1669FE841209C02AAC07 /* Project object */;
			proxyType = 1;
			remoteGlobalIDString = B0D312371049AACC006B06C6;
			remoteInfo = XMLRPC;
		};
/* End PBXContainerItemProxy section */

/* Begin PBXCopyFilesBuildPhase section */
		B0D3124D1049AB8B006B06C6 /* CopyFiles */ = {
			isa = PBXCopyFilesBuildPhase;
			buildActionMask = 2147483647;
			dstPath = "";
			dstSubfolderSpec = 10;
			files = (
				B0D312A01049B26B006B06C6 /* XMLRPC.framework in CopyFiles */,
			);
			runOnlyForDeploymentPostprocessing = 0;
		};
/* End PBXCopyFilesBuildPhase section */

/* Begin PBXFileReference section */
		089C1672FE841209C02AAC07 /* Foundation.framework */ = {isa = PBXFileReference; lastKnownFileType = wrapper.framework; name = Foundation.framework; path = /System/Library/Frameworks/Foundation.framework; sourceTree = "<absolute>"; };
		089C167EFE841241C02AAC07 /* English */ = {isa = PBXFileReference; fileEncoding = 10; lastKnownFileType = text.plist.strings; name = English; path = English.lproj/InfoPlist.strings; sourceTree = "<group>"; };
		089C167FFE841241C02AAC07 /* AppKit.framework */ = {isa = PBXFileReference; lastKnownFileType = wrapper.framework; name = AppKit.framework; path = /System/Library/Frameworks/AppKit.framework; sourceTree = "<absolute>"; };
		1058C7ADFEA557BF11CA2CBB /* Cocoa.framework */ = {isa = PBXFileReference; lastKnownFileType = wrapper.framework; name = Cocoa.framework; path = /System/Library/Frameworks/Cocoa.framework; sourceTree = "<absolute>"; };
		287924B70DAEB2A20074992A /* ApertureExportManager.h */ = {isa = PBXFileReference; fileEncoding = 4; lastKnownFileType = sourcecode.c.h; path = ApertureExportManager.h; sourceTree = "<group>"; };
		287924B80DAEB2A20074992A /* ApertureExportPlugIn.h */ = {isa = PBXFileReference; fileEncoding = 4; lastKnownFileType = sourcecode.c.h; path = ApertureExportPlugIn.h; sourceTree = "<group>"; };
		287924B90DAEB2A20074992A /* ApertureSDKCommon.h */ = {isa = PBXFileReference; fileEncoding = 4; lastKnownFileType = sourcecode.c.h; path = ApertureSDKCommon.h; sourceTree = "<group>"; };
		32DBCF630370AF2F00C91783 /* ApertureToAnselExportPlugin_Prefix.pch */ = {isa = PBXFileReference; fileEncoding = 4; lastKnownFileType = sourcecode.c.h; path = ApertureToAnselExportPlugin_Prefix.pch; sourceTree = "<group>"; };
		8D5B49B7048680CD000E48DA /* Info.plist */ = {isa = PBXFileReference; fileEncoding = 4; lastKnownFileType = text.plist.xml; path = Info.plist; sourceTree = "<group>"; };
		B0AE230B1049F19D0096565B /* English */ = {isa = PBXFileReference; lastKnownFileType = wrapper.nib; name = English; path = English.lproj/Panel.nib; sourceTree = "<group>"; };
		B0AE23351049F7770096565B /* TURAnselGalleryPanelController.h */ = {isa = PBXFileReference; fileEncoding = 4; lastKnownFileType = sourcecode.c.h; path = TURAnselGalleryPanelController.h; sourceTree = "<group>"; };
		B0AE23361049F7770096565B /* TURAnselGalleryPanelController.m */ = {isa = PBXFileReference; fileEncoding = 4; lastKnownFileType = sourcecode.c.objc; path = TURAnselGalleryPanelController.m; sourceTree = "<group>"; };
		B0AE233E1049F7A20096565B /* English */ = {isa = PBXFileReference; lastKnownFileType = wrapper.nib; name = English; path = English.lproj/AnselGalleryPanel.nib; sourceTree = "<group>"; };
		B0D311CA1049A7DE006B06C6 /* TURAnsel.h */ = {isa = PBXFileReference; fileEncoding = 4; lastKnownFileType = sourcecode.c.h; path = TURAnsel.h; sourceTree = "<group>"; };
		B0D311CB1049A7DE006B06C6 /* TURAnsel.m */ = {isa = PBXFileReference; fileEncoding = 4; lastKnownFileType = sourcecode.c.objc; path = TURAnsel.m; sourceTree = "<group>"; };
		B0D311CC1049A7DE006B06C6 /* TURAnselGallery.h */ = {isa = PBXFileReference; fileEncoding = 4; lastKnownFileType = sourcecode.c.h; path = TURAnselGallery.h; sourceTree = "<group>"; };
		B0D311CD1049A7DE006B06C6 /* TURAnselGallery.m */ = {isa = PBXFileReference; fileEncoding = 4; lastKnownFileType = sourcecode.c.objc; path = TURAnselGallery.m; sourceTree = "<group>"; };
		B0D311CE1049A7DE006B06C6 /* TURXMLConnection.h */ = {isa = PBXFileReference; fileEncoding = 4; lastKnownFileType = sourcecode.c.h; path = TURXMLConnection.h; sourceTree = "<group>"; };
		B0D311CF1049A7DE006B06C6 /* TURXMLConnection.m */ = {isa = PBXFileReference; fileEncoding = 4; lastKnownFileType = sourcecode.c.objc; path = TURXMLConnection.m; sourceTree = "<group>"; };
		B0D3120E1049A977006B06C6 /* NSDataAdditions.h */ = {isa = PBXFileReference; fileEncoding = 4; lastKnownFileType = sourcecode.c.h; path = NSDataAdditions.h; sourceTree = "<group>"; };
		B0D3120F1049A977006B06C6 /* NSDataAdditions.m */ = {isa = PBXFileReference; fileEncoding = 4; lastKnownFileType = sourcecode.c.objc; path = NSDataAdditions.m; sourceTree = "<group>"; };
		B0D312101049A977006B06C6 /* NSStringAdditions.h */ = {isa = PBXFileReference; fileEncoding = 4; lastKnownFileType = sourcecode.c.h; path = NSStringAdditions.h; sourceTree = "<group>"; };
		B0D312111049A977006B06C6 /* NSStringAdditions.m */ = {isa = PBXFileReference; fileEncoding = 4; lastKnownFileType = sourcecode.c.objc; path = NSStringAdditions.m; sourceTree = "<group>"; };
		B0D312151049A977006B06C6 /* English */ = {isa = PBXFileReference; fileEncoding = 4; lastKnownFileType = text.plist.strings; name = English; path = English.lproj/Localizable.strings; sourceTree = "<group>"; };
		B0D312161049A977006B06C6 /* LICENSE */ = {isa = PBXFileReference; fileEncoding = 4; lastKnownFileType = text; path = LICENSE; sourceTree = "<group>"; };
		B0D312171049A977006B06C6 /* README */ = {isa = PBXFileReference; fileEncoding = 4; lastKnownFileType = text; path = README; sourceTree = "<group>"; };
		B0D312181049A977006B06C6 /* XMLRPC.h */ = {isa = PBXFileReference; fileEncoding = 4; lastKnownFileType = sourcecode.c.h; path = XMLRPC.h; sourceTree = "<group>"; };
		B0D312191049A977006B06C6 /* XMLRPC.pch */ = {isa = PBXFileReference; fileEncoding = 4; lastKnownFileType = sourcecode.c.h; path = XMLRPC.pch; sourceTree = "<group>"; };
		B0D3121A1049A977006B06C6 /* XMLRPCConnection.h */ = {isa = PBXFileReference; fileEncoding = 4; lastKnownFileType = sourcecode.c.h; path = XMLRPCConnection.h; sourceTree = "<group>"; };
		B0D3121B1049A977006B06C6 /* XMLRPCConnection.m */ = {isa = PBXFileReference; fileEncoding = 4; lastKnownFileType = sourcecode.c.objc; path = XMLRPCConnection.m; sourceTree = "<group>"; };
		B0D3121C1049A977006B06C6 /* XMLRPCDecoder.h */ = {isa = PBXFileReference; fileEncoding = 4; lastKnownFileType = sourcecode.c.h; path = XMLRPCDecoder.h; sourceTree = "<group>"; };
		B0D3121D1049A977006B06C6 /* XMLRPCDecoder.m */ = {isa = PBXFileReference; fileEncoding = 4; lastKnownFileType = sourcecode.c.objc; path = XMLRPCDecoder.m; sourceTree = "<group>"; };
		B0D3121E1049A977006B06C6 /* XMLRPCEncoder.h */ = {isa = PBXFileReference; fileEncoding = 4; lastKnownFileType = sourcecode.c.h; path = XMLRPCEncoder.h; sourceTree = "<group>"; };
		B0D3121F1049A977006B06C6 /* XMLRPCEncoder.m */ = {isa = PBXFileReference; fileEncoding = 4; lastKnownFileType = sourcecode.c.objc; path = XMLRPCEncoder.m; sourceTree = "<group>"; };
		B0D312201049A977006B06C6 /* XMLRPCRequest.h */ = {isa = PBXFileReference; fileEncoding = 4; lastKnownFileType = sourcecode.c.h; path = XMLRPCRequest.h; sourceTree = "<group>"; };
		B0D312211049A977006B06C6 /* XMLRPCRequest.m */ = {isa = PBXFileReference; fileEncoding = 4; lastKnownFileType = sourcecode.c.objc; path = XMLRPCRequest.m; sourceTree = "<group>"; };
		B0D312221049A977006B06C6 /* XMLRPCResponse.h */ = {isa = PBXFileReference; fileEncoding = 4; lastKnownFileType = sourcecode.c.h; path = XMLRPCResponse.h; sourceTree = "<group>"; };
		B0D312231049A977006B06C6 /* XMLRPCResponse.m */ = {isa = PBXFileReference; fileEncoding = 4; lastKnownFileType = sourcecode.c.objc; path = XMLRPCResponse.m; sourceTree = "<group>"; };
		B0D312311049A9F2006B06C6 /* XMLRPC-Info.plist */ = {isa = PBXFileReference; fileEncoding = 4; lastKnownFileType = text.plist.xml; path = "XMLRPC-Info.plist"; sourceTree = "<group>"; };
		B0D312391049AACC006B06C6 /* XMLRPC-Info.plist */ = {isa = PBXFileReference; lastKnownFileType = text.plist.xml; path = "XMLRPC-Info.plist"; sourceTree = "<group>"; };
		B0D312941049B24A006B06C6 /* XMLRPC.framework */ = {isa = PBXFileReference; explicitFileType = wrapper.framework; includeInIndex = 0; path = XMLRPC.framework; sourceTree = BUILT_PRODUCTS_DIR; };
		B0DEA056104D7012001D1509 /* AnselGalleryViewItem.h */ = {isa = PBXFileReference; fileEncoding = 4; lastKnownFileType = sourcecode.c.h; path = AnselGalleryViewItem.h; sourceTree = "<group>"; };
		B0DEA057104D7012001D1509 /* AnselGalleryViewItem.m */ = {isa = PBXFileReference; fileEncoding = 4; lastKnownFileType = sourcecode.c.objc; path = AnselGalleryViewItem.m; sourceTree = "<group>"; };
		B0DEA1CD104D7DE2001D1509 /* Quartz.framework */ = {isa = PBXFileReference; lastKnownFileType = wrapper.framework; name = Quartz.framework; path = /System/Library/Frameworks/Quartz.framework; sourceTree = "<absolute>"; };
		D118EA650AC08CCB006DD2FE /* English */ = {isa = PBXFileReference; fileEncoding = 10; lastKnownFileType = text.plist.strings; name = English; path = English.lproj/Localizable.strings; sourceTree = "<group>"; };
		D118EB0F0AC08EAE006DD2FE /* ApertureToAnselExportPlugin.ApertureExport */ = {isa = PBXFileReference; explicitFileType = wrapper.cfbundle; includeInIndex = 0; path = ApertureToAnselExportPlugin.ApertureExport; sourceTree = BUILT_PRODUCTS_DIR; };
		D15DEA490ABF639500CBE3A5 /* PluginManager.framework */ = {isa = PBXFileReference; lastKnownFileType = wrapper.framework; name = PluginManager.framework; path = /Library/Frameworks/PluginManager.framework; sourceTree = "<absolute>"; };
		D15DEA4D0ABF63C600CBE3A5 /* ApertureToAnselExportPlugin.m */ = {isa = PBXFileReference; fileEncoding = 30; lastKnownFileType = sourcecode.c.objc; path = ApertureToAnselExportPlugin.m; sourceTree = "<group>"; };
		D15DEA4E0ABF63C600CBE3A5 /* ApertureToAnselExportPlugin.h */ = {isa = PBXFileReference; fileEncoding = 30; lastKnownFileType = sourcecode.c.h; path = ApertureToAnselExportPlugin.h; sourceTree = "<group>"; };
		D15DEA510ABF641300CBE3A5 /* English */ = {isa = PBXFileReference; lastKnownFileType = wrapper.nib; name = English; path = English.lproj/ApertureToAnselExportPlugin.nib; sourceTree = "<group>"; };
		D2F7E65807B2D6F200F64583 /* CoreData.framework */ = {isa = PBXFileReference; lastKnownFileType = wrapper.framework; name = CoreData.framework; path = /System/Library/Frameworks/CoreData.framework; sourceTree = "<absolute>"; };
/* End PBXFileReference section */

/* Begin PBXFrameworksBuildPhase section */
		8D5B49B3048680CD000E48DA /* Frameworks */ = {
			isa = PBXFrameworksBuildPhase;
			buildActionMask = 2147483647;
			files = (
				8D5B49B4048680CD000E48DA /* Cocoa.framework in Frameworks */,
				D15DEA4A0ABF639500CBE3A5 /* PluginManager.framework in Frameworks */,
				B0DEA1CE104D7DE2001D1509 /* Quartz.framework in Frameworks */,
			);
			runOnlyForDeploymentPostprocessing = 0;
		};
		B0D312361049AACC006B06C6 /* Frameworks */ = {
			isa = PBXFrameworksBuildPhase;
			buildActionMask = 2147483647;
			files = (
			);
			runOnlyForDeploymentPostprocessing = 0;
		};
/* End PBXFrameworksBuildPhase section */

/* Begin PBXGroup section */
		089C166AFE841209C02AAC07 /* MyApertureExportPlugIn */ = {
			isa = PBXGroup;
			children = (
				B0D312931049B17F006B06C6 /* AnselToolkit */,
				287924B60DAEB2A20074992A /* ApertureHeaders */,
				08FB77AFFE84173DC02AAC07 /* Classes */,
				32C88E010371C26100C91783 /* Other Sources */,
				089C167CFE841241C02AAC07 /* Resources */,
				089C1671FE841209C02AAC07 /* Frameworks and Libraries */,
				D118EB1C0AC08EE7006DD2FE /* Products */,
				B0D312391049AACC006B06C6 /* XMLRPC-Info.plist */,
			);
			name = MyApertureExportPlugIn;
			sourceTree = "<group>";
		};
		089C1671FE841209C02AAC07 /* Frameworks and Libraries */ = {
			isa = PBXGroup;
			children = (
				B0D3120C1049A977006B06C6 /* xmlrpc-1.5.1 */,
				1058C7ACFEA557BF11CA2CBB /* Linked Frameworks */,
				1058C7AEFEA557BF11CA2CBB /* Other Frameworks */,
			);
			name = "Frameworks and Libraries";
			sourceTree = "<group>";
		};
		089C167CFE841241C02AAC07 /* Resources */ = {
			isa = PBXGroup;
			children = (
				B0AE233D1049F7A20096565B /* AnselGalleryPanel.nib */,
				B0AE230A1049F19D0096565B /* Panel.nib */,
				D15DEA500ABF641300CBE3A5 /* ApertureToAnselExportPlugin.nib */,
				8D5B49B7048680CD000E48DA /* Info.plist */,
				D118EA640AC08CCB006DD2FE /* Localizable.strings */,
				089C167DFE841241C02AAC07 /* InfoPlist.strings */,
			);
			name = Resources;
			sourceTree = "<group>";
		};
		08FB77AFFE84173DC02AAC07 /* Classes */ = {
			isa = PBXGroup;
			children = (
				B0DEA056104D7012001D1509 /* AnselGalleryViewItem.h */,
				B0DEA057104D7012001D1509 /* AnselGalleryViewItem.m */,
				D15DEA4E0ABF63C600CBE3A5 /* ApertureToAnselExportPlugin.h */,
				D15DEA4D0ABF63C600CBE3A5 /* ApertureToAnselExportPlugin.m */,
			);
			name = Classes;
			sourceTree = "<group>";
		};
		1058C7ACFEA557BF11CA2CBB /* Linked Frameworks */ = {
			isa = PBXGroup;
			children = (
				B0DEA1CD104D7DE2001D1509 /* Quartz.framework */,
				D15DEA490ABF639500CBE3A5 /* PluginManager.framework */,
				1058C7ADFEA557BF11CA2CBB /* Cocoa.framework */,
			);
			name = "Linked Frameworks";
			sourceTree = "<group>";
		};
		1058C7AEFEA557BF11CA2CBB /* Other Frameworks */ = {
			isa = PBXGroup;
			children = (
				089C167FFE841241C02AAC07 /* AppKit.framework */,
				D2F7E65807B2D6F200F64583 /* CoreData.framework */,
				089C1672FE841209C02AAC07 /* Foundation.framework */,
			);
			name = "Other Frameworks";
			sourceTree = "<group>";
		};
		287924B60DAEB2A20074992A /* ApertureHeaders */ = {
			isa = PBXGroup;
			children = (
				287924B70DAEB2A20074992A /* ApertureExportManager.h */,
				287924B80DAEB2A20074992A /* ApertureExportPlugIn.h */,
				287924B90DAEB2A20074992A /* ApertureSDKCommon.h */,
			);
			path = ApertureHeaders;
			sourceTree = "<group>";
		};
		32C88E010371C26100C91783 /* Other Sources */ = {
			isa = PBXGroup;
			children = (
				B0D311CF1049A7DE006B06C6 /* TURXMLConnection.m */,
				B0D311CE1049A7DE006B06C6 /* TURXMLConnection.h */,
				32DBCF630370AF2F00C91783 /* ApertureToAnselExportPlugin_Prefix.pch */,
			);
			name = "Other Sources";
			sourceTree = "<group>";
		};
		B0D3120C1049A977006B06C6 /* xmlrpc-1.5.1 */ = {
			isa = PBXGroup;
			children = (
				B0D312311049A9F2006B06C6 /* XMLRPC-Info.plist */,
				B0D3120D1049A977006B06C6 /* Additions */,
				B0D312131049A977006B06C6 /* Languages */,
				B0D312161049A977006B06C6 /* LICENSE */,
				B0D312171049A977006B06C6 /* README */,
				B0D312181049A977006B06C6 /* XMLRPC.h */,
				B0D312191049A977006B06C6 /* XMLRPC.pch */,
				B0D3121A1049A977006B06C6 /* XMLRPCConnection.h */,
				B0D3121B1049A977006B06C6 /* XMLRPCConnection.m */,
				B0D3121C1049A977006B06C6 /* XMLRPCDecoder.h */,
				B0D3121D1049A977006B06C6 /* XMLRPCDecoder.m */,
				B0D3121E1049A977006B06C6 /* XMLRPCEncoder.h */,
				B0D3121F1049A977006B06C6 /* XMLRPCEncoder.m */,
				B0D312201049A977006B06C6 /* XMLRPCRequest.h */,
				B0D312211049A977006B06C6 /* XMLRPCRequest.m */,
				B0D312221049A977006B06C6 /* XMLRPCResponse.h */,
				B0D312231049A977006B06C6 /* XMLRPCResponse.m */,
			);
			path = "xmlrpc-1.5.1";
			sourceTree = "<group>";
		};
		B0D3120D1049A977006B06C6 /* Additions */ = {
			isa = PBXGroup;
			children = (
				B0D3120E1049A977006B06C6 /* NSDataAdditions.h */,
				B0D3120F1049A977006B06C6 /* NSDataAdditions.m */,
				B0D312101049A977006B06C6 /* NSStringAdditions.h */,
				B0D312111049A977006B06C6 /* NSStringAdditions.m */,
			);
			path = Additions;
			sourceTree = "<group>";
		};
		B0D312131049A977006B06C6 /* Languages */ = {
			isa = PBXGroup;
			children = (
				B0D312141049A977006B06C6 /* Localizable.strings */,
			);
			path = Languages;
			sourceTree = "<group>";
		};
		B0D312931049B17F006B06C6 /* AnselToolkit */ = {
			isa = PBXGroup;
			children = (
				B0AE23351049F7770096565B /* TURAnselGalleryPanelController.h */,
				B0AE23361049F7770096565B /* TURAnselGalleryPanelController.m */,
				B0D311CC1049A7DE006B06C6 /* TURAnselGallery.h */,
				B0D311CB1049A7DE006B06C6 /* TURAnsel.m */,
				B0D311CA1049A7DE006B06C6 /* TURAnsel.h */,
				B0D311CD1049A7DE006B06C6 /* TURAnselGallery.m */,
			);
			name = AnselToolkit;
			sourceTree = "<group>";
		};
		D118EB1C0AC08EE7006DD2FE /* Products */ = {
			isa = PBXGroup;
			children = (
				B0D312941049B24A006B06C6 /* XMLRPC.framework */,
				D118EB0F0AC08EAE006DD2FE /* ApertureToAnselExportPlugin.ApertureExport */,
			);
			name = Products;
			sourceTree = "<group>";
		};
/* End PBXGroup section */

/* Begin PBXHeadersBuildPhase section */
		B0D312331049AACC006B06C6 /* Headers */ = {
			isa = PBXHeadersBuildPhase;
			buildActionMask = 2147483647;
			files = (
				B0D312641049AD51006B06C6 /* NSDataAdditions.h in Headers */,
				B0D312651049AD51006B06C6 /* NSStringAdditions.h in Headers */,
				B0D3125A1049AD16006B06C6 /* XMLRPCConnection.h in Headers */,
				B0D3125B1049AD16006B06C6 /* XMLRPCDecoder.h in Headers */,
				B0D3125C1049AD16006B06C6 /* XMLRPCEncoder.h in Headers */,
				B0D3125D1049AD16006B06C6 /* XMLRPCRequest.h in Headers */,
				B0D3125E1049AD16006B06C6 /* XMLRPCResponse.h in Headers */,
				B0D312591049AD08006B06C6 /* XMLRPC.h in Headers */,
			);
			runOnlyForDeploymentPostprocessing = 0;
		};
/* End PBXHeadersBuildPhase section */

/* Begin PBXNativeTarget section */
		8D5B49AC048680CD000E48DA /* ApertureToAnselExportPlugin */ = {
			isa = PBXNativeTarget;
			buildConfigurationList = 1DEB913A08733D840010E9CD /* Build configuration list for PBXNativeTarget "ApertureToAnselExportPlugin" */;
			buildPhases = (
				8D5B49AF048680CD000E48DA /* Resources */,
				8D5B49B1048680CD000E48DA /* Sources */,
				8D5B49B3048680CD000E48DA /* Frameworks */,
				B0D3124D1049AB8B006B06C6 /* CopyFiles */,
			);
			buildRules = (
			);
			dependencies = (
				B0D312411049AB4A006B06C6 /* PBXTargetDependency */,
			);
			name = ApertureToAnselExportPlugin;
			productInstallPath = "$(HOME)/Library/Bundles";
			productName = MyApertureExportPlugIn;
			productReference = D118EB0F0AC08EAE006DD2FE /* ApertureToAnselExportPlugin.ApertureExport */;
			productType = "com.apple.product-type.bundle";
		};
		B0D312371049AACC006B06C6 /* XMLRPC */ = {
			isa = PBXNativeTarget;
			buildConfigurationList = B0D3123C1049AACD006B06C6 /* Build configuration list for PBXNativeTarget "XMLRPC" */;
			buildPhases = (
				B0D312331049AACC006B06C6 /* Headers */,
				B0D312341049AACC006B06C6 /* Resources */,
				B0D312351049AACC006B06C6 /* Sources */,
				B0D312361049AACC006B06C6 /* Frameworks */,
			);
			buildRules = (
			);
			dependencies = (
			);
			name = XMLRPC;
			productName = XMLRPC;
			productReference = B0D312941049B24A006B06C6 /* XMLRPC.framework */;
			productType = "com.apple.product-type.framework";
		};
/* End PBXNativeTarget section */

/* Begin PBXProject section */
		089C1669FE841209C02AAC07 /* Project object */ = {
			isa = PBXProject;
			buildConfigurationList = 1DEB913E08733D840010E9CD /* Build configuration list for PBXProject "ApertureToAnselExportPlugin" */;
			compatibilityVersion = "Xcode 3.1";
			hasScannedForEncodings = 1;
			mainGroup = 089C166AFE841209C02AAC07 /* MyApertureExportPlugIn */;
			productRefGroup = 089C166AFE841209C02AAC07 /* MyApertureExportPlugIn */;
			projectDirPath = "";
			projectRoot = "";
			targets = (
				8D5B49AC048680CD000E48DA /* ApertureToAnselExportPlugin */,
				B0D312371049AACC006B06C6 /* XMLRPC */,
			);
		};
/* End PBXProject section */

/* Begin PBXResourcesBuildPhase section */
		8D5B49AF048680CD000E48DA /* Resources */ = {
			isa = PBXResourcesBuildPhase;
			buildActionMask = 2147483647;
			files = (
				8D5B49B0048680CD000E48DA /* InfoPlist.strings in Resources */,
				D15DEA520ABF641300CBE3A5 /* ApertureToAnselExportPlugin.nib in Resources */,
				D118EA660AC08CCB006DD2FE /* Localizable.strings in Resources */,
				B0D312271049A977006B06C6 /* Localizable.strings in Resources */,
				B0D312281049A977006B06C6 /* LICENSE in Resources */,
				B0D312291049A977006B06C6 /* README in Resources */,
				B0D312321049A9F2006B06C6 /* XMLRPC-Info.plist in Resources */,
				B0AE230C1049F19D0096565B /* Panel.nib in Resources */,
				B0AE23411049F7A20096565B /* AnselGalleryPanel.nib in Resources */,
			);
			runOnlyForDeploymentPostprocessing = 0;
		};
		B0D312341049AACC006B06C6 /* Resources */ = {
			isa = PBXResourcesBuildPhase;
			buildActionMask = 2147483647;
			files = (
				B0D3126A1049AD9A006B06C6 /* Localizable.strings in Resources */,
				B0D312681049AD7F006B06C6 /* LICENSE in Resources */,
				B0D312691049AD7F006B06C6 /* README in Resources */,
			);
			runOnlyForDeploymentPostprocessing = 0;
		};
/* End PBXResourcesBuildPhase section */

/* Begin PBXSourcesBuildPhase section */
		8D5B49B1048680CD000E48DA /* Sources */ = {
			isa = PBXSourcesBuildPhase;
			buildActionMask = 2147483647;
			files = (
				D15DEA4F0ABF63C600CBE3A5 /* ApertureToAnselExportPlugin.m in Sources */,
				B0D311D01049A7DE006B06C6 /* TURAnsel.m in Sources */,
				B0D311D11049A7DE006B06C6 /* TURAnselGallery.m in Sources */,
				B0D311D21049A7DE006B06C6 /* TURXMLConnection.m in Sources */,
				B0D312241049A977006B06C6 /* NSDataAdditions.m in Sources */,
				B0D312251049A977006B06C6 /* NSStringAdditions.m in Sources */,
				B0D3122A1049A977006B06C6 /* XMLRPCConnection.m in Sources */,
				B0D3122B1049A977006B06C6 /* XMLRPCDecoder.m in Sources */,
				B0D3122C1049A977006B06C6 /* XMLRPCEncoder.m in Sources */,
				B0D3122D1049A977006B06C6 /* XMLRPCRequest.m in Sources */,
				B0D3122E1049A977006B06C6 /* XMLRPCResponse.m in Sources */,
				B0AE23391049F7770096565B /* TURAnselGalleryPanelController.m in Sources */,
				B0DEA058104D7012001D1509 /* AnselGalleryViewItem.m in Sources */,
			);
			runOnlyForDeploymentPostprocessing = 0;
		};
		B0D312351049AACC006B06C6 /* Sources */ = {
			isa = PBXSourcesBuildPhase;
			buildActionMask = 2147483647;
			files = (
				B0D312661049AD5B006B06C6 /* NSDataAdditions.m in Sources */,
				B0D312671049AD5B006B06C6 /* NSStringAdditions.m in Sources */,
				B0D3125F1049AD42006B06C6 /* XMLRPCConnection.m in Sources */,
				B0D312601049AD42006B06C6 /* XMLRPCDecoder.m in Sources */,
				B0D312611049AD42006B06C6 /* XMLRPCEncoder.m in Sources */,
				B0D312621049AD42006B06C6 /* XMLRPCRequest.m in Sources */,
				B0D312631049AD42006B06C6 /* XMLRPCResponse.m in Sources */,
			);
			runOnlyForDeploymentPostprocessing = 0;
		};
/* End PBXSourcesBuildPhase section */

/* Begin PBXTargetDependency section */
		B0D312411049AB4A006B06C6 /* PBXTargetDependency */ = {
			isa = PBXTargetDependency;
			target = B0D312371049AACC006B06C6 /* XMLRPC */;
			targetProxy = B0D312401049AB4A006B06C6 /* PBXContainerItemProxy */;
		};
/* End PBXTargetDependency section */

/* Begin PBXVariantGroup section */
		089C167DFE841241C02AAC07 /* InfoPlist.strings */ = {
			isa = PBXVariantGroup;
			children = (
				089C167EFE841241C02AAC07 /* English */,
			);
			name = InfoPlist.strings;
			sourceTree = "<group>";
		};
		B0AE230A1049F19D0096565B /* Panel.nib */ = {
			isa = PBXVariantGroup;
			children = (
				B0AE230B1049F19D0096565B /* English */,
			);
			name = Panel.nib;
			sourceTree = "<group>";
		};
		B0AE233D1049F7A20096565B /* AnselGalleryPanel.nib */ = {
			isa = PBXVariantGroup;
			children = (
				B0AE233E1049F7A20096565B /* English */,
			);
			name = AnselGalleryPanel.nib;
			sourceTree = "<group>";
		};
		B0D312141049A977006B06C6 /* Localizable.strings */ = {
			isa = PBXVariantGroup;
			children = (
				B0D312151049A977006B06C6 /* English */,
			);
			name = Localizable.strings;
			sourceTree = "<group>";
		};
		D118EA640AC08CCB006DD2FE /* Localizable.strings */ = {
			isa = PBXVariantGroup;
			children = (
				D118EA650AC08CCB006DD2FE /* English */,
			);
			name = Localizable.strings;
			sourceTree = "<group>";
		};
		D15DEA500ABF641300CBE3A5 /* ApertureToAnselExportPlugin.nib */ = {
			isa = PBXVariantGroup;
			children = (
				D15DEA510ABF641300CBE3A5 /* English */,
			);
			name = ApertureToAnselExportPlugin.nib;
			sourceTree = "<group>";
		};
/* End PBXVariantGroup section */

/* Begin XCBuildConfiguration section */
		1DEB913B08733D840010E9CD /* Debug */ = {
			isa = XCBuildConfiguration;
			buildSettings = {
				COPY_PHASE_STRIP = NO;
				DEPLOYMENT_LOCATION = YES;
				DSTROOT = /;
				GCC_DYNAMIC_NO_PIC = NO;
				GCC_ENABLE_FIX_AND_CONTINUE = YES;
				GCC_MODEL_TUNING = G5;
				GCC_OPTIMIZATION_LEVEL = 0;
				GCC_PRECOMPILE_PREFIX_HEADER = YES;
				GCC_PREFIX_HEADER = ApertureToAnselExportPlugin_Prefix.pch;
				INFOPLIST_FILE = Info.plist;
				INSTALL_PATH = "/Users/mrubinsk/Library/Application Support/Aperture/Plug-Ins";
				PRODUCT_NAME = ApertureToAnselExportPlugin;
				SDKROOT = macosx10.5;
				WRAPPER_EXTENSION = ApertureExport;
				ZERO_LINK = YES;
			};
			name = Debug;
		};
		1DEB913C08733D840010E9CD /* Release */ = {
			isa = XCBuildConfiguration;
			buildSettings = {
				ARCHS = (
					ppc,
					i386,
				);
				DSTROOT = /;
				GCC_GENERATE_DEBUGGING_SYMBOLS = NO;
				GCC_MODEL_TUNING = G5;
				GCC_PRECOMPILE_PREFIX_HEADER = YES;
				GCC_PREFIX_HEADER = ApertureToAnselExportPlugin_Prefix.pch;
				INFOPLIST_FILE = Info.plist;
				INSTALL_PATH = "$(HOME)/Library/Application Support/Aperture/Plug-Ins/Export/";
				PRODUCT_NAME = ApertureToAnselExportPlugin;
				WRAPPER_EXTENSION = ApertureExport;
			};
			name = Release;
		};
		1DEB913F08733D840010E9CD /* Debug */ = {
			isa = XCBuildConfiguration;
			buildSettings = {
				FRAMEWORK_SEARCH_PATHS = "/Library/Frameworks//**";
				GCC_WARN_ABOUT_RETURN_TYPE = YES;
				GCC_WARN_UNUSED_VARIABLE = YES;
				PREBINDING = NO;
				SDKROOT = macosx10.4;
			};
			name = Debug;
		};
		1DEB914008733D840010E9CD /* Release */ = {
			isa = XCBuildConfiguration;
			buildSettings = {
				ARCHS = (
					ppc,
					i386,
				);
				FRAMEWORK_SEARCH_PATHS = "/Library/Frameworks//**";
				GCC_WARN_ABOUT_RETURN_TYPE = YES;
				GCC_WARN_UNUSED_VARIABLE = YES;
				PREBINDING = NO;
				SDKROOT = macosx10.4;
			};
			name = Release;
		};
		B0D3123A1049AACC006B06C6 /* Debug */ = {
			isa = XCBuildConfiguration;
			buildSettings = {
				ALWAYS_SEARCH_USER_PATHS = NO;
				COPY_PHASE_STRIP = NO;
				DYLIB_COMPATIBILITY_VERSION = 1;
				DYLIB_CURRENT_VERSION = 1;
				FRAMEWORK_VERSION = A;
				GCC_DYNAMIC_NO_PIC = NO;
				GCC_ENABLE_FIX_AND_CONTINUE = YES;
				GCC_MODEL_TUNING = G5;
				GCC_OPTIMIZATION_LEVEL = 0;
				GCC_PRECOMPILE_PREFIX_HEADER = YES;
				GCC_PREFIX_HEADER = "$(SYSTEM_LIBRARY_DIR)/Frameworks/AppKit.framework/Headers/AppKit.h";
				INFOPLIST_FILE = "XMLRPC-Info.plist";
				INSTALL_PATH = "$(HOME)/Library/Frameworks";
				OTHER_LDFLAGS = (
					"-framework",
					Foundation,
					"-framework",
					AppKit,
				);
				PREBINDING = NO;
				PRODUCT_NAME = XMLRPC;
			};
			name = Debug;
		};
		B0D3123B1049AACC006B06C6 /* Release */ = {
			isa = XCBuildConfiguration;
			buildSettings = {
				ALWAYS_SEARCH_USER_PATHS = NO;
				COPY_PHASE_STRIP = YES;
				DEBUG_INFORMATION_FORMAT = "dwarf-with-dsym";
				DYLIB_COMPATIBILITY_VERSION = 1;
				DYLIB_CURRENT_VERSION = 1;
				FRAMEWORK_VERSION = A;
				GCC_ENABLE_FIX_AND_CONTINUE = NO;
				GCC_MODEL_TUNING = G5;
				GCC_PRECOMPILE_PREFIX_HEADER = YES;
				GCC_PREFIX_HEADER = "$(SYSTEM_LIBRARY_DIR)/Frameworks/AppKit.framework/Headers/AppKit.h";
				INFOPLIST_FILE = "XMLRPC-Info.plist";
				INSTALL_PATH = "@loader_path/../Frameworks";
				OTHER_LDFLAGS = (
					"-framework",
					Foundation,
					"-framework",
					AppKit,
				);
				PREBINDING = NO;
				PRODUCT_NAME = XMLRPC;
				ZERO_LINK = NO;
			};
			name = Release;
		};
/* End XCBuildConfiguration section */

/* Begin XCConfigurationList section */
		1DEB913A08733D840010E9CD /* Build configuration list for PBXNativeTarget "ApertureToAnselExportPlugin" */ = {
			isa = XCConfigurationList;
			buildConfigurations = (
				1DEB913B08733D840010E9CD /* Debug */,
				1DEB913C08733D840010E9CD /* Release */,
			);
			defaultConfigurationIsVisible = 0;
			defaultConfigurationName = Release;
		};
		1DEB913E08733D840010E9CD /* Build configuration list for PBXProject "ApertureToAnselExportPlugin" */ = {
			isa = XCConfigurationList;
			buildConfigurations = (
				1DEB913F08733D840010E9CD /* Debug */,
				1DEB914008733D840010E9CD /* Release */,
			);
			defaultConfigurationIsVisible = 0;
			defaultConfigurationName = Release;
		};
		B0D3123C1049AACD006B06C6 /* Build configuration list for PBXNativeTarget "XMLRPC" */ = {
			isa = XCConfigurationList;
			buildConfigurations = (
				B0D3123A1049AACC006B06C6 /* Debug */,
				B0D3123B1049AACC006B06C6 /* Release */,
			);
			defaultConfigurationIsVisible = 0;
			defaultConfigurationName = Release;
		};
/* End XCConfigurationList section */
	};
	rootObject = 089C1669FE841209C02AAC07 /* Project object */;
}
