// !$*UTF8*$!
{
	archiveVersion = 1;
	classes = {
	};
	objectVersion = 45;
	objects = {

/* Begin PBXBuildFile section */
		8D5B49B0048680CD000E48DA /* InfoPlist.strings in Resources */ = {isa = PBXBuildFile; fileRef = 089C167DFE841241C02AAC07 /* InfoPlist.strings */; };
		8D5B49B4048680CD000E48DA /* Cocoa.framework in Frameworks */ = {isa = PBXBuildFile; fileRef = 1058C7ADFEA557BF11CA2CBB /* Cocoa.framework */; };
		B070DB8A1069532500C0E3FC /* AnselGalleryViewItem.m in Sources */ = {isa = PBXBuildFile; fileRef = B070DB7E1069532500C0E3FC /* AnselGalleryViewItem.m */; };
		B070DB8B1069532500C0E3FC /* AnselGalleryPanel.nib in Resources */ = {isa = PBXBuildFile; fileRef = B070DB801069532500C0E3FC /* AnselGalleryPanel.nib */; };
		B070DB8C1069532500C0E3FC /* TURAnsel.m in Sources */ = {isa = PBXBuildFile; fileRef = B070DB821069532500C0E3FC /* TURAnsel.m */; };
		B070DB8D1069532500C0E3FC /* TURAnselConstants.m in Sources */ = {isa = PBXBuildFile; fileRef = B070DB841069532500C0E3FC /* TURAnselConstants.m */; };
		B070DB8E1069532500C0E3FC /* TURAnselGallery.m in Sources */ = {isa = PBXBuildFile; fileRef = B070DB861069532500C0E3FC /* TURAnselGallery.m */; };
		B070DB8F1069532500C0E3FC /* TURAnselGalleryPanelController.m in Sources */ = {isa = PBXBuildFile; fileRef = B070DB881069532500C0E3FC /* TURAnselGalleryPanelController.m */; };
		B0DD64D2106738DB00085661 /* NSStringAdditions.m in Sources */ = {isa = PBXBuildFile; fileRef = B0DD64D1106738DB00085661 /* NSStringAdditions.m */; };
		B0DD64E31067391E00085661 /* NSDataAdditions.m in Sources */ = {isa = PBXBuildFile; fileRef = B0DD64E21067391E00085661 /* NSDataAdditions.m */; };
		B0DEA1CE104D7DE2001D1509 /* Quartz.framework in Frameworks */ = {isa = PBXBuildFile; fileRef = B0DEA1CD104D7DE2001D1509 /* Quartz.framework */; };
		D118EA660AC08CCB006DD2FE /* Localizable.strings in Resources */ = {isa = PBXBuildFile; fileRef = D118EA640AC08CCB006DD2FE /* Localizable.strings */; };
		D15DEA4A0ABF639500CBE3A5 /* PluginManager.framework in Frameworks */ = {isa = PBXBuildFile; fileRef = D15DEA490ABF639500CBE3A5 /* PluginManager.framework */; };
		D15DEA4F0ABF63C600CBE3A5 /* ApertureToAnselExportPlugin.m in Sources */ = {isa = PBXBuildFile; fileRef = D15DEA4D0ABF63C600CBE3A5 /* ApertureToAnselExportPlugin.m */; };
		D15DEA520ABF641300CBE3A5 /* ApertureToAnselExportPlugin.nib in Resources */ = {isa = PBXBuildFile; fileRef = D15DEA500ABF641300CBE3A5 /* ApertureToAnselExportPlugin.nib */; };
/* End PBXBuildFile section */

/* Begin PBXCopyFilesBuildPhase section */
		B0D3124D1049AB8B006B06C6 /* CopyFiles */ = {
			isa = PBXCopyFilesBuildPhase;
			buildActionMask = 2147483647;
			dstPath = "";
			dstSubfolderSpec = 10;
			files = (
			);
			runOnlyForDeploymentPostprocessing = 0;
		};
/* End PBXCopyFilesBuildPhase section */

/* Begin PBXFileReference section */
		089C1672FE841209C02AAC07 /* Foundation.framework */ = {isa = PBXFileReference; lastKnownFileType = wrapper.framework; name = Foundation.framework; path = /System/Library/Frameworks/Foundation.framework; sourceTree = "<absolute>"; };
		089C167EFE841241C02AAC07 /* English */ = {isa = PBXFileReference; fileEncoding = 10; lastKnownFileType = text.plist.strings; name = English; path = English.lproj/InfoPlist.strings; sourceTree = "<group>"; };
		089C167FFE841241C02AAC07 /* AppKit.framework */ = {isa = PBXFileReference; lastKnownFileType = wrapper.framework; name = AppKit.framework; path = /System/Library/Frameworks/AppKit.framework; sourceTree = "<absolute>"; };
		1058C7ADFEA557BF11CA2CBB /* Cocoa.framework */ = {isa = PBXFileReference; lastKnownFileType = wrapper.framework; name = Cocoa.framework; path = /System/Library/Frameworks/Cocoa.framework; sourceTree = "<absolute>"; };
		287924B70DAEB2A20074992A /* ApertureExportManager.h */ = {isa = PBXFileReference; fileEncoding = 4; lastKnownFileType = sourcecode.c.h; path = ApertureExportManager.h; sourceTree = "<group>"; };
		287924B80DAEB2A20074992A /* ApertureExportPlugIn.h */ = {isa = PBXFileReference; fileEncoding = 4; lastKnownFileType = sourcecode.c.h; path = ApertureExportPlugIn.h; sourceTree = "<group>"; };
		287924B90DAEB2A20074992A /* ApertureSDKCommon.h */ = {isa = PBXFileReference; fileEncoding = 4; lastKnownFileType = sourcecode.c.h; path = ApertureSDKCommon.h; sourceTree = "<group>"; };
		32DBCF630370AF2F00C91783 /* ApertureToAnselExportPlugin_Prefix.pch */ = {isa = PBXFileReference; fileEncoding = 4; lastKnownFileType = sourcecode.c.h; path = ApertureToAnselExportPlugin_Prefix.pch; sourceTree = "<group>"; };
		8D5B49B7048680CD000E48DA /* Info.plist */ = {isa = PBXFileReference; fileEncoding = 4; lastKnownFileType = text.plist.xml; path = Info.plist; sourceTree = "<group>"; };
		B070DB7D1069532500C0E3FC /* AnselGalleryViewItem.h */ = {isa = PBXFileReference; fileEncoding = 4; lastKnownFileType = sourcecode.c.h; path = AnselGalleryViewItem.h; sourceTree = "<group>"; };
		B070DB7E1069532500C0E3FC /* AnselGalleryViewItem.m */ = {isa = PBXFileReference; fileEncoding = 4; lastKnownFileType = sourcecode.c.objc; path = AnselGalleryViewItem.m; sourceTree = "<group>"; };
		B070DB801069532500C0E3FC /* AnselGalleryPanel.nib */ = {isa = PBXFileReference; lastKnownFileType = wrapper.nib; path = AnselGalleryPanel.nib; sourceTree = "<group>"; };
		B070DB811069532500C0E3FC /* TURAnsel.h */ = {isa = PBXFileReference; fileEncoding = 4; lastKnownFileType = sourcecode.c.h; path = TURAnsel.h; sourceTree = "<group>"; };
		B070DB821069532500C0E3FC /* TURAnsel.m */ = {isa = PBXFileReference; fileEncoding = 4; lastKnownFileType = sourcecode.c.objc; path = TURAnsel.m; sourceTree = "<group>"; };
		B070DB831069532500C0E3FC /* TURAnselConstants.h */ = {isa = PBXFileReference; fileEncoding = 4; lastKnownFileType = sourcecode.c.h; path = TURAnselConstants.h; sourceTree = "<group>"; };
		B070DB841069532500C0E3FC /* TURAnselConstants.m */ = {isa = PBXFileReference; fileEncoding = 4; lastKnownFileType = sourcecode.c.objc; path = TURAnselConstants.m; sourceTree = "<group>"; };
		B070DB851069532500C0E3FC /* TURAnselGallery.h */ = {isa = PBXFileReference; fileEncoding = 4; lastKnownFileType = sourcecode.c.h; path = TURAnselGallery.h; sourceTree = "<group>"; };
		B070DB861069532500C0E3FC /* TURAnselGallery.m */ = {isa = PBXFileReference; fileEncoding = 4; lastKnownFileType = sourcecode.c.objc; path = TURAnselGallery.m; sourceTree = "<group>"; };
		B070DB871069532500C0E3FC /* TURAnselGalleryPanelController.h */ = {isa = PBXFileReference; fileEncoding = 4; lastKnownFileType = sourcecode.c.h; path = TURAnselGalleryPanelController.h; sourceTree = "<group>"; };
		B070DB881069532500C0E3FC /* TURAnselGalleryPanelController.m */ = {isa = PBXFileReference; fileEncoding = 4; lastKnownFileType = sourcecode.c.objc; path = TURAnselGalleryPanelController.m; sourceTree = "<group>"; };
		B070DB891069532500C0E3FC /* TURAnselKit.h */ = {isa = PBXFileReference; fileEncoding = 4; lastKnownFileType = sourcecode.c.h; path = TURAnselKit.h; sourceTree = "<group>"; };
		B0DD64D0106738DB00085661 /* NSStringAdditions.h */ = {isa = PBXFileReference; fileEncoding = 4; lastKnownFileType = sourcecode.c.h; path = NSStringAdditions.h; sourceTree = "<group>"; };
		B0DD64D1106738DB00085661 /* NSStringAdditions.m */ = {isa = PBXFileReference; fileEncoding = 4; lastKnownFileType = sourcecode.c.objc; path = NSStringAdditions.m; sourceTree = "<group>"; };
		B0DD64E11067391E00085661 /* NSDataAdditions.h */ = {isa = PBXFileReference; fileEncoding = 4; lastKnownFileType = sourcecode.c.h; path = NSDataAdditions.h; sourceTree = "<group>"; };
		B0DD64E21067391E00085661 /* NSDataAdditions.m */ = {isa = PBXFileReference; fileEncoding = 4; lastKnownFileType = sourcecode.c.objc; path = NSDataAdditions.m; sourceTree = "<group>"; };
		B0DEA1CD104D7DE2001D1509 /* Quartz.framework */ = {isa = PBXFileReference; lastKnownFileType = wrapper.framework; name = Quartz.framework; path = /System/Library/Frameworks/Quartz.framework; sourceTree = "<absolute>"; };
		D118EA650AC08CCB006DD2FE /* English */ = {isa = PBXFileReference; fileEncoding = 10; lastKnownFileType = text.plist.strings; name = English; path = English.lproj/Localizable.strings; sourceTree = "<group>"; };
		D118EB0F0AC08EAE006DD2FE /* ApertureToAnselExportPlugin.ApertureExport */ = {isa = PBXFileReference; explicitFileType = wrapper.cfbundle; includeInIndex = 0; path = ApertureToAnselExportPlugin.ApertureExport; sourceTree = BUILT_PRODUCTS_DIR; };
		D15DEA490ABF639500CBE3A5 /* PluginManager.framework */ = {isa = PBXFileReference; lastKnownFileType = wrapper.framework; name = PluginManager.framework; path = /Library/Frameworks/PluginManager.framework; sourceTree = "<absolute>"; };
		D15DEA4D0ABF63C600CBE3A5 /* ApertureToAnselExportPlugin.m */ = {isa = PBXFileReference; fileEncoding = 30; lastKnownFileType = sourcecode.c.objc; path = ApertureToAnselExportPlugin.m; sourceTree = "<group>"; };
		D15DEA4E0ABF63C600CBE3A5 /* ApertureToAnselExportPlugin.h */ = {isa = PBXFileReference; fileEncoding = 30; lastKnownFileType = sourcecode.c.h; path = ApertureToAnselExportPlugin.h; sourceTree = "<group>"; };
		D15DEA510ABF641300CBE3A5 /* English */ = {isa = PBXFileReference; lastKnownFileType = wrapper.nib; name = English; path = English.lproj/ApertureToAnselExportPlugin.nib; sourceTree = "<group>"; };
		D2F7E65807B2D6F200F64583 /* CoreData.framework */ = {isa = PBXFileReference; lastKnownFileType = wrapper.framework; name = CoreData.framework; path = /System/Library/Frameworks/CoreData.framework; sourceTree = "<absolute>"; };
/* End PBXFileReference section */

/* Begin PBXFrameworksBuildPhase section */
		8D5B49B3048680CD000E48DA /* Frameworks */ = {
			isa = PBXFrameworksBuildPhase;
			buildActionMask = 2147483647;
			files = (
				8D5B49B4048680CD000E48DA /* Cocoa.framework in Frameworks */,
				D15DEA4A0ABF639500CBE3A5 /* PluginManager.framework in Frameworks */,
				B0DEA1CE104D7DE2001D1509 /* Quartz.framework in Frameworks */,
			);
			runOnlyForDeploymentPostprocessing = 0;
		};
/* End PBXFrameworksBuildPhase section */

/* Begin PBXGroup section */
		089C166AFE841209C02AAC07 /* MyApertureExportPlugIn */ = {
			isa = PBXGroup;
			children = (
				B070DB7C1069532500C0E3FC /* TURAnselKit */,
				B00872201066B73A00BE0CCF /* Additions */,
				287924B60DAEB2A20074992A /* ApertureHeaders */,
				08FB77AFFE84173DC02AAC07 /* Classes */,
				32C88E010371C26100C91783 /* Other Sources */,
				089C167CFE841241C02AAC07 /* Resources */,
				089C1671FE841209C02AAC07 /* Frameworks and Libraries */,
				D118EB1C0AC08EE7006DD2FE /* Products */,
			);
			name = MyApertureExportPlugIn;
			sourceTree = "<group>";
		};
		089C1671FE841209C02AAC07 /* Frameworks and Libraries */ = {
			isa = PBXGroup;
			children = (
				1058C7ACFEA557BF11CA2CBB /* Linked Frameworks */,
				1058C7AEFEA557BF11CA2CBB /* Other Frameworks */,
			);
			name = "Frameworks and Libraries";
			sourceTree = "<group>";
		};
		089C167CFE841241C02AAC07 /* Resources */ = {
			isa = PBXGroup;
			children = (
				D15DEA500ABF641300CBE3A5 /* ApertureToAnselExportPlugin.nib */,
				8D5B49B7048680CD000E48DA /* Info.plist */,
				D118EA640AC08CCB006DD2FE /* Localizable.strings */,
				089C167DFE841241C02AAC07 /* InfoPlist.strings */,
			);
			name = Resources;
			sourceTree = "<group>";
		};
		08FB77AFFE84173DC02AAC07 /* Classes */ = {
			isa = PBXGroup;
			children = (
				D15DEA4E0ABF63C600CBE3A5 /* ApertureToAnselExportPlugin.h */,
				D15DEA4D0ABF63C600CBE3A5 /* ApertureToAnselExportPlugin.m */,
			);
			name = Classes;
			sourceTree = "<group>";
		};
		1058C7ACFEA557BF11CA2CBB /* Linked Frameworks */ = {
			isa = PBXGroup;
			children = (
				B0DEA1CD104D7DE2001D1509 /* Quartz.framework */,
				D15DEA490ABF639500CBE3A5 /* PluginManager.framework */,
				1058C7ADFEA557BF11CA2CBB /* Cocoa.framework */,
			);
			name = "Linked Frameworks";
			sourceTree = "<group>";
		};
		1058C7AEFEA557BF11CA2CBB /* Other Frameworks */ = {
			isa = PBXGroup;
			children = (
				089C167FFE841241C02AAC07 /* AppKit.framework */,
				D2F7E65807B2D6F200F64583 /* CoreData.framework */,
				089C1672FE841209C02AAC07 /* Foundation.framework */,
			);
			name = "Other Frameworks";
			sourceTree = "<group>";
		};
		287924B60DAEB2A20074992A /* ApertureHeaders */ = {
			isa = PBXGroup;
			children = (
				287924B70DAEB2A20074992A /* ApertureExportManager.h */,
				287924B80DAEB2A20074992A /* ApertureExportPlugIn.h */,
				287924B90DAEB2A20074992A /* ApertureSDKCommon.h */,
			);
			path = ApertureHeaders;
			sourceTree = "<group>";
		};
		32C88E010371C26100C91783 /* Other Sources */ = {
			isa = PBXGroup;
			children = (
				32DBCF630370AF2F00C91783 /* ApertureToAnselExportPlugin_Prefix.pch */,
			);
			name = "Other Sources";
			sourceTree = "<group>";
		};
		B00872201066B73A00BE0CCF /* Additions */ = {
			isa = PBXGroup;
			children = (
				B0DD64E11067391E00085661 /* NSDataAdditions.h */,
				B0DD64E21067391E00085661 /* NSDataAdditions.m */,
				B0DD64D0106738DB00085661 /* NSStringAdditions.h */,
				B0DD64D1106738DB00085661 /* NSStringAdditions.m */,
			);
			name = Additions;
			sourceTree = "<group>";
		};
		B070DB7C1069532500C0E3FC /* TURAnselKit */ = {
			isa = PBXGroup;
			children = (
				B070DB7D1069532500C0E3FC /* AnselGalleryViewItem.h */,
				B070DB7E1069532500C0E3FC /* AnselGalleryViewItem.m */,
				B070DB7F1069532500C0E3FC /* English.lProj */,
				B070DB811069532500C0E3FC /* TURAnsel.h */,
				B070DB821069532500C0E3FC /* TURAnsel.m */,
				B070DB831069532500C0E3FC /* TURAnselConstants.h */,
				B070DB841069532500C0E3FC /* TURAnselConstants.m */,
				B070DB851069532500C0E3FC /* TURAnselGallery.h */,
				B070DB861069532500C0E3FC /* TURAnselGallery.m */,
				B070DB871069532500C0E3FC /* TURAnselGalleryPanelController.h */,
				B070DB881069532500C0E3FC /* TURAnselGalleryPanelController.m */,
				B070DB891069532500C0E3FC /* TURAnselKit.h */,
			);
			path = TURAnselKit;
			sourceTree = "<group>";
		};
		B070DB7F1069532500C0E3FC /* English.lProj */ = {
			isa = PBXGroup;
			children = (
				B070DB801069532500C0E3FC /* AnselGalleryPanel.nib */,
			);
			path = English.lProj;
			sourceTree = "<group>";
		};
		D118EB1C0AC08EE7006DD2FE /* Products */ = {
			isa = PBXGroup;
			children = (
				D118EB0F0AC08EAE006DD2FE /* ApertureToAnselExportPlugin.ApertureExport */,
			);
			name = Products;
			sourceTree = "<group>";
		};
/* End PBXGroup section */

/* Begin PBXNativeTarget section */
		8D5B49AC048680CD000E48DA /* ApertureToAnselExportPlugin */ = {
			isa = PBXNativeTarget;
			buildConfigurationList = 1DEB913A08733D840010E9CD /* Build configuration list for PBXNativeTarget "ApertureToAnselExportPlugin" */;
			buildPhases = (
				8D5B49AF048680CD000E48DA /* Resources */,
				8D5B49B1048680CD000E48DA /* Sources */,
				8D5B49B3048680CD000E48DA /* Frameworks */,
				B0D3124D1049AB8B006B06C6 /* CopyFiles */,
			);
			buildRules = (
			);
			dependencies = (
			);
			name = ApertureToAnselExportPlugin;
			productInstallPath = "$(HOME)/Library/Bundles";
			productName = MyApertureExportPlugIn;
			productReference = D118EB0F0AC08EAE006DD2FE /* ApertureToAnselExportPlugin.ApertureExport */;
			productType = "com.apple.product-type.bundle";
		};
/* End PBXNativeTarget section */

/* Begin PBXProject section */
		089C1669FE841209C02AAC07 /* Project object */ = {
			isa = PBXProject;
			attributes = {
				ORGANIZATIONNAME = "The Horde Project";
			};
			buildConfigurationList = 1DEB913E08733D840010E9CD /* Build configuration list for PBXProject "ApertureToAnselExportPlugin" */;
			compatibilityVersion = "Xcode 3.1";
			hasScannedForEncodings = 1;
			mainGroup = 089C166AFE841209C02AAC07 /* MyApertureExportPlugIn */;
			productRefGroup = 089C166AFE841209C02AAC07 /* MyApertureExportPlugIn */;
			projectDirPath = "";
			projectRoot = "";
			targets = (
				8D5B49AC048680CD000E48DA /* ApertureToAnselExportPlugin */,
			);
		};
/* End PBXProject section */

/* Begin PBXResourcesBuildPhase section */
		8D5B49AF048680CD000E48DA /* Resources */ = {
			isa = PBXResourcesBuildPhase;
			buildActionMask = 2147483647;
			files = (
				8D5B49B0048680CD000E48DA /* InfoPlist.strings in Resources */,
				D15DEA520ABF641300CBE3A5 /* ApertureToAnselExportPlugin.nib in Resources */,
				D118EA660AC08CCB006DD2FE /* Localizable.strings in Resources */,
				B070DB8B1069532500C0E3FC /* AnselGalleryPanel.nib in Resources */,
			);
			runOnlyForDeploymentPostprocessing = 0;
		};
/* End PBXResourcesBuildPhase section */

/* Begin PBXSourcesBuildPhase section */
		8D5B49B1048680CD000E48DA /* Sources */ = {
			isa = PBXSourcesBuildPhase;
			buildActionMask = 2147483647;
			files = (
				D15DEA4F0ABF63C600CBE3A5 /* ApertureToAnselExportPlugin.m in Sources */,
				B0DD64D2106738DB00085661 /* NSStringAdditions.m in Sources */,
				B0DD64E31067391E00085661 /* NSDataAdditions.m in Sources */,
				B070DB8A1069532500C0E3FC /* AnselGalleryViewItem.m in Sources */,
				B070DB8C1069532500C0E3FC /* TURAnsel.m in Sources */,
				B070DB8D1069532500C0E3FC /* TURAnselConstants.m in Sources */,
				B070DB8E1069532500C0E3FC /* TURAnselGallery.m in Sources */,
				B070DB8F1069532500C0E3FC /* TURAnselGalleryPanelController.m in Sources */,
			);
			runOnlyForDeploymentPostprocessing = 0;
		};
/* End PBXSourcesBuildPhase section */

/* Begin PBXVariantGroup section */
		089C167DFE841241C02AAC07 /* InfoPlist.strings */ = {
			isa = PBXVariantGroup;
			children = (
				089C167EFE841241C02AAC07 /* English */,
			);
			name = InfoPlist.strings;
			sourceTree = "<group>";
		};
		D118EA640AC08CCB006DD2FE /* Localizable.strings */ = {
			isa = PBXVariantGroup;
			children = (
				D118EA650AC08CCB006DD2FE /* English */,
			);
			name = Localizable.strings;
			sourceTree = "<group>";
		};
		D15DEA500ABF641300CBE3A5 /* ApertureToAnselExportPlugin.nib */ = {
			isa = PBXVariantGroup;
			children = (
				D15DEA510ABF641300CBE3A5 /* English */,
			);
			name = ApertureToAnselExportPlugin.nib;
			sourceTree = "<group>";
		};
/* End PBXVariantGroup section */

/* Begin XCBuildConfiguration section */
		1DEB913B08733D840010E9CD /* Debug */ = {
			isa = XCBuildConfiguration;
			buildSettings = {
				ARCHS = "$(ARCHS_STANDARD_32_64_BIT)";
				COPY_PHASE_STRIP = NO;
				DEPLOYMENT_LOCATION = YES;
				DSTROOT = /;
				GCC_DYNAMIC_NO_PIC = NO;
				GCC_ENABLE_FIX_AND_CONTINUE = YES;
				GCC_MODEL_TUNING = G5;
				GCC_OPTIMIZATION_LEVEL = 0;
				GCC_PRECOMPILE_PREFIX_HEADER = YES;
				GCC_PREFIX_HEADER = ApertureToAnselExportPlugin_Prefix.pch;
				INFOPLIST_FILE = Info.plist;
				INSTALL_PATH = "/Users/mrubinsk/Library/Application Support/Aperture/Plug-Ins";
				MACOSX_DEPLOYMENT_TARGET = 10.5;
				ONLY_ACTIVE_ARCH = NO;
				PRODUCT_NAME = ApertureToAnselExportPlugin;
				SDKROOT = macosx10.6;
				WRAPPER_EXTENSION = ApertureExport;
				ZERO_LINK = YES;
			};
			name = Debug;
		};
		1DEB913C08733D840010E9CD /* Release */ = {
			isa = XCBuildConfiguration;
			buildSettings = {
				ARCHS = "$(ARCHS_STANDARD_32_64_BIT)";
				CONFIGURATION_BUILD_DIR = "$(BUILD_DIR)/$(CONFIGURATION)$(EFFECTIVE_PLATFORM_NAME)/ApertureToAnselExportPlugin-1.0/Library/Application Support/Aperture/Plug-Ins/Export";
				DSTROOT = /;
				GCC_GENERATE_DEBUGGING_SYMBOLS = NO;
				GCC_MODEL_TUNING = G5;
				GCC_PRECOMPILE_PREFIX_HEADER = YES;
				GCC_PREFIX_HEADER = ApertureToAnselExportPlugin_Prefix.pch;
				INFOPLIST_FILE = Info.plist;
				INSTALL_PATH = "$(HOME)/Library/Application Support/Aperture/Plug-Ins/Export/";
				MACOSX_DEPLOYMENT_TARGET = 10.5;
				PRODUCT_NAME = ApertureToAnselExportPlugin;
				SDKROOT = macosx10.6;
				VALID_ARCHS = x86_64;
				WRAPPER_EXTENSION = ApertureExport;
			};
			name = Release;
		};
		1DEB913F08733D840010E9CD /* Debug */ = {
			isa = XCBuildConfiguration;
			buildSettings = {
				ARCHS = "$(ARCHS_STANDARD_32_64_BIT)";
				CURRENT_PROJECT_VERSION = 1.0;
				FRAMEWORK_SEARCH_PATHS = "/Library/Frameworks//**";
				GCC_ENABLE_OBJC_EXCEPTIONS = YES;
				GCC_PREPROCESSOR_DEFINITIONS = DEBUG;
				GCC_WARN_ABOUT_RETURN_TYPE = YES;
				GCC_WARN_UNUSED_VARIABLE = YES;
				MACOSX_DEPLOYMENT_TARGET = 10.6;
				ONLY_ACTIVE_ARCH = NO;
				PREBINDING = NO;
				PRODUCT_NAME = Aperture2Ansel;
				SDKROOT = macosx10.6;
				VALID_ARCHS = "x86 x86_64";
				VERSIONING_SYSTEM = "apple-generic";
			};
			name = Debug;
		};
		1DEB914008733D840010E9CD /* Release */ = {
			isa = XCBuildConfiguration;
			buildSettings = {
				ARCHS = "$(ARCHS_STANDARD_32_64_BIT)";
				CURRENT_PROJECT_VERSION = 1.0;
				FRAMEWORK_SEARCH_PATHS = "/Library/Frameworks//**";
				GCC_ENABLE_OBJC_EXCEPTIONS = YES;
				GCC_WARN_ABOUT_RETURN_TYPE = YES;
				GCC_WARN_UNUSED_VARIABLE = YES;
				MACOSX_DEPLOYMENT_TARGET = 10.6;
				PREBINDING = NO;
				PRODUCT_NAME = Aperture2Ansel;
				SDKROOT = macosx10.6;
				VALID_ARCHS = "x86 x86_64";
				VERSIONING_SYSTEM = "apple-generic";
			};
			name = Release;
		};
/* End XCBuildConfiguration section */

/* Begin XCConfigurationList section */
		1DEB913A08733D840010E9CD /* Build configuration list for PBXNativeTarget "ApertureToAnselExportPlugin" */ = {
			isa = XCConfigurationList;
			buildConfigurations = (
				1DEB913B08733D840010E9CD /* Debug */,
				1DEB913C08733D840010E9CD /* Release */,
			);
			defaultConfigurationIsVisible = 0;
			defaultConfigurationName = Release;
		};
		1DEB913E08733D840010E9CD /* Build configuration list for PBXProject "ApertureToAnselExportPlugin" */ = {
			isa = XCConfigurationList;
			buildConfigurations = (
				1DEB913F08733D840010E9CD /* Debug */,
				1DEB914008733D840010E9CD /* Release */,
			);
			defaultConfigurationIsVisible = 0;
			defaultConfigurationName = Release;
		};
/* End XCConfigurationList section */
	};
	rootObject = 089C1669FE841209C02AAC07 /* Project object */;
}
